
Microsoft Visual Studio Solution File, Format Version 12.00
Project("{FAE04EC0-301F-11D3-BF4B-00C04F79EFBC}") = "DocManager.Api", "DocManager.Api\DocManager.Api.csproj", "{4CDB33E8-2DAA-4FF3-8C4C-6BDFCCE87117}"
EndProject
Project("{2150E333-8FDC-42A3-9474-1A3956D46DE8}") = "Src", "Src", "{FF3E1F88-BC14-4BAC-B127-7720436341FC}"
EndProject
Project("{2150E333-8FDC-42A3-9474-1A3956D46DE8}") = "App", "App", "{BAA06110-B3AB-4207-84FD-DCEB202A4AEB}"
EndProject
Project("{2150E333-8FDC-42A3-9474-1A3956D46DE8}") = "Core", "Core", "{45A8A4FA-2C20-4962-A932-932C9E48096D}"
EndProject
Project("{2150E333-8FDC-42A3-9474-1A3956D46DE8}") = "Infra", "Infra", "{88AA21CF-B736-44AA-8DB8-7A37CB18701F}"
EndProject
Project("{2150E333-8FDC-42A3-9474-1A3956D46DE8}") = "Tests", "Tests", "{C07FC817-77CF-4133-B3EA-EE15601FC141}"
EndProject
Project("{FAE04EC0-301F-11D3-BF4B-00C04F79EFBC}") = "DocManager.Core.Domain", "DocManager.Core.Domain\DocManager.Core.Domain.csproj", "{B923EB06-3345-4245-9C87-68AC087C0B6B}"
EndProject
Project("{FAE04EC0-301F-11D3-BF4B-00C04F79EFBC}") = "DocManager.Core.Business", "DocManager.Core.Business\DocManager.Core.Business.csproj", "{381585BA-EAC7-4BD8-BE16-9DCF8A423BD8}"
EndProject
Project("{FAE04EC0-301F-11D3-BF4B-00C04F79EFBC}") = "DocManager.Infra.Data", "DocManager.Infra.Data\DocManager.Infra.Data.csproj", "{219C4862-5A97-41CA-B1C9-3C3889392D72}"
EndProject
Project("{FAE04EC0-301F-11D3-BF4B-00C04F79EFBC}") = "DocManager.Core.UnitTests", "DocManager.Core.UnitTests\DocManager.Core.UnitTests.csproj", "{247A848B-9D1D-4B03-9E42-72BC96BE163E}"
EndProject
Project("{FAE04EC0-301F-11D3-BF4B-00C04F79EFBC}") = "DocManager.Infra.Services", "DocManager.Infra.Services\DocManager.Infra.Services.csproj", "{355B360D-0ECF-4300-86D1-B5C9D6113873}"
EndProject
Project("{FAE04EC0-301F-11D3-BF4B-00C04F79EFBC}") = "DocManager.Infra.Data.UnitTests", "DocManager.Infra.Data.UnitTests\DocManager.Infra.Data.UnitTests.csproj", "{272BE281-BCAC-4C20-A686-251A2933FCA9}"
EndProject
Global
	GlobalSection(SolutionConfigurationPlatforms) = preSolution
		Debug|Any CPU = Debug|Any CPU
		Release|Any CPU = Release|Any CPU
	EndGlobalSection
	GlobalSection(ProjectConfigurationPlatforms) = postSolution
		{4CDB33E8-2DAA-4FF3-8C4C-6BDFCCE87117}.Debug|Any CPU.ActiveCfg = Debug|Any CPU
		{4CDB33E8-2DAA-4FF3-8C4C-6BDFCCE87117}.Debug|Any CPU.Build.0 = Debug|Any CPU
		{4CDB33E8-2DAA-4FF3-8C4C-6BDFCCE87117}.Release|Any CPU.ActiveCfg = Release|Any CPU
		{4CDB33E8-2DAA-4FF3-8C4C-6BDFCCE87117}.Release|Any CPU.Build.0 = Release|Any CPU
		{B923EB06-3345-4245-9C87-68AC087C0B6B}.Debug|Any CPU.ActiveCfg = Debug|Any CPU
		{B923EB06-3345-4245-9C87-68AC087C0B6B}.Debug|Any CPU.Build.0 = Debug|Any CPU
		{B923EB06-3345-4245-9C87-68AC087C0B6B}.Release|Any CPU.ActiveCfg = Release|Any CPU
		{B923EB06-3345-4245-9C87-68AC087C0B6B}.Release|Any CPU.Build.0 = Release|Any CPU
		{381585BA-EAC7-4BD8-BE16-9DCF8A423BD8}.Debug|Any CPU.ActiveCfg = Debug|Any CPU
		{381585BA-EAC7-4BD8-BE16-9DCF8A423BD8}.Debug|Any CPU.Build.0 = Debug|Any CPU
		{381585BA-EAC7-4BD8-BE16-9DCF8A423BD8}.Release|Any CPU.ActiveCfg = Release|Any CPU
		{381585BA-EAC7-4BD8-BE16-9DCF8A423BD8}.Release|Any CPU.Build.0 = Release|Any CPU
		{219C4862-5A97-41CA-B1C9-3C3889392D72}.Debug|Any CPU.ActiveCfg = Debug|Any CPU
		{219C4862-5A97-41CA-B1C9-3C3889392D72}.Debug|Any CPU.Build.0 = Debug|Any CPU
		{219C4862-5A97-41CA-B1C9-3C3889392D72}.Release|Any CPU.ActiveCfg = Release|Any CPU
		{219C4862-5A97-41CA-B1C9-3C3889392D72}.Release|Any CPU.Build.0 = Release|Any CPU
		{247A848B-9D1D-4B03-9E42-72BC96BE163E}.Debug|Any CPU.ActiveCfg = Debug|Any CPU
		{247A848B-9D1D-4B03-9E42-72BC96BE163E}.Debug|Any CPU.Build.0 = Debug|Any CPU
		{247A848B-9D1D-4B03-9E42-72BC96BE163E}.Release|Any CPU.ActiveCfg = Release|Any CPU
		{247A848B-9D1D-4B03-9E42-72BC96BE163E}.Release|Any CPU.Build.0 = Release|Any CPU
		{355B360D-0ECF-4300-86D1-B5C9D6113873}.Debug|Any CPU.ActiveCfg = Debug|Any CPU
		{355B360D-0ECF-4300-86D1-B5C9D6113873}.Debug|Any CPU.Build.0 = Debug|Any CPU
		{355B360D-0ECF-4300-86D1-B5C9D6113873}.Release|Any CPU.ActiveCfg = Release|Any CPU
		{355B360D-0ECF-4300-86D1-B5C9D6113873}.Release|Any CPU.Build.0 = Release|Any CPU
		{272BE281-BCAC-4C20-A686-251A2933FCA9}.Debug|Any CPU.ActiveCfg = Debug|Any CPU
		{272BE281-BCAC-4C20-A686-251A2933FCA9}.Debug|Any CPU.Build.0 = Debug|Any CPU
		{272BE281-BCAC-4C20-A686-251A2933FCA9}.Release|Any CPU.ActiveCfg = Release|Any CPU
		{272BE281-BCAC-4C20-A686-251A2933FCA9}.Release|Any CPU.Build.0 = Release|Any CPU
	EndGlobalSection
	GlobalSection(NestedProjects) = preSolution
		{BAA06110-B3AB-4207-84FD-DCEB202A4AEB} = {FF3E1F88-BC14-4BAC-B127-7720436341FC}
		{45A8A4FA-2C20-4962-A932-932C9E48096D} = {FF3E1F88-BC14-4BAC-B127-7720436341FC}
		{88AA21CF-B736-44AA-8DB8-7A37CB18701F} = {FF3E1F88-BC14-4BAC-B127-7720436341FC}
		{4CDB33E8-2DAA-4FF3-8C4C-6BDFCCE87117} = {BAA06110-B3AB-4207-84FD-DCEB202A4AEB}
		{B923EB06-3345-4245-9C87-68AC087C0B6B} = {45A8A4FA-2C20-4962-A932-932C9E48096D}
		{381585BA-EAC7-4BD8-BE16-9DCF8A423BD8} = {45A8A4FA-2C20-4962-A932-932C9E48096D}
		{219C4862-5A97-41CA-B1C9-3C3889392D72} = {88AA21CF-B736-44AA-8DB8-7A37CB18701F}
		{247A848B-9D1D-4B03-9E42-72BC96BE163E} = {C07FC817-77CF-4133-B3EA-EE15601FC141}
		{355B360D-0ECF-4300-86D1-B5C9D6113873} = {88AA21CF-B736-44AA-8DB8-7A37CB18701F}
		{272BE281-BCAC-4C20-A686-251A2933FCA9} = {C07FC817-77CF-4133-B3EA-EE15601FC141}
	EndGlobalSection
EndGlobal
